
Microsoft Visual Studio Solution File, Format Version 12.00
# Visual Studio Version 17
VisualStudioVersion = 17.11.35327.3
MinimumVisualStudioVersion = 10.0.40219.1
Project("{9A19103F-16F7-4668-BE54-9A1E7A4F7556}") = "P&CStore", "P&CStore.csproj", "{D6D2DAC7-8538-455C-9F45-9AF4E5660682}"
EndProject
Project("{2150E333-8FDC-42A3-9474-1A3956D46DE8}") = "Solution Items", "Solution Items", "{32FCBB3E-E938-4CA2-B358-0D63BE084444}"
	ProjectSection(SolutionItems) = preProject
		.gitignore = .gitignore
	EndProjectSection
EndProject
Global
	GlobalSection(SolutionConfigurationPlatforms) = preSolution
		Debug|Any CPU = Debug|Any CPU
		Release|Any CPU = Release|Any CPU
	EndGlobalSection
	GlobalSection(ProjectConfigurationPlatforms) = postSolution
		{D6D2DAC7-8538-455C-9F45-9AF4E5660682}.Debug|Any CPU.ActiveCfg = Debug|Any CPU
		{D6D2DAC7-8538-455C-9F45-9AF4E5660682}.Debug|Any CPU.Build.0 = Debug|Any CPU
		{D6D2DAC7-8538-455C-9F45-9AF4E5660682}.Release|Any CPU.ActiveCfg = Release|Any CPU
		{D6D2DAC7-8538-455C-9F45-9AF4E5660682}.Release|Any CPU.Build.0 = Release|Any CPU
	EndGlobalSection
	GlobalSection(SolutionProperties) = preSolution
		HideSolutionNode = FALSE
	EndGlobalSection
	GlobalSection(ExtensibilityGlobals) = postSolution
		SolutionGuid = {94AA7846-CD12-4F66-B15B-7748F9E59245}
	EndGlobalSection
EndGlobal
